
Microsoft Visual Studio Solution File, Format Version 12.00
# Visual Studio Version 17
VisualStudioVersion = 17.3.32922.545
MinimumVisualStudioVersion = 10.0.40219.1
Project("{FAE04EC0-301F-11D3-BF4B-00C04F79EFBC}") = "Lpak", "Lpak\Lpak.csproj", "{767FE84B-FF3D-4F81-9876-45C0C1D0800C}"
EndProject
Global
	GlobalSection(SolutionConfigurationPlatforms) = preSolution
		Debug|Any CPU = Debug|Any CPU
		Release|Any CPU = Release|Any CPU
	EndGlobalSection
	GlobalSection(ProjectConfigurationPlatforms) = postSolution
		{767FE84B-FF3D-4F81-9876-45C0C1D0800C}.Debug|Any CPU.ActiveCfg = Debug|Any CPU
		{767FE84B-FF3D-4F81-9876-45C0C1D0800C}.Debug|Any CPU.Build.0 = Debug|Any CPU
		{767FE84B-FF3D-4F81-9876-45C0C1D0800C}.Release|Any CPU.ActiveCfg = Release|Any CPU
		{767FE84B-FF3D-4F81-9876-45C0C1D0800C}.Release|Any CPU.Build.0 = Release|Any CPU
	EndGlobalSection
	GlobalSection(SolutionProperties) = preSolution
		HideSolutionNode = FALSE
	EndGlobalSection
	GlobalSection(ExtensibilityGlobals) = postSolution
		SolutionGuid = {64E33585-D66A-4EE1-A698-EE52F6520385}
	EndGlobalSection
EndGlobal
